
Microsoft Visual Studio Solution File, Format Version 12.00
# Visual Studio Version 17
VisualStudioVersion = 17.0.32112.339
MinimumVisualStudioVersion = 10.0.40219.1
Project("{9A19103F-16F7-4668-BE54-9A1E7A4F7556}") = "Blazor.OIDC", "Blazor.OIDC\Blazor.OIDC.csproj", "{C41E2158-AF3D-4467-83E3-8008FF6CB8A5}"
EndProject
Project("{9A19103F-16F7-4668-BE54-9A1E7A4F7556}") = "Blazor.OIDC.Example", "Blazor.OIDC.Example\Blazor.OIDC.Example.csproj", "{A9754225-A429-4183-A136-3B9C2EC6D689}"
EndProject
Project("{2150E333-8FDC-42A3-9474-1A3956D46DE8}") = "Solution Items", "Solution Items", "{AED90417-E74F-4330-8803-FC22A076560A}"
	ProjectSection(SolutionItems) = preProject
		.gitignore = .gitignore
		README.md = README.md
	EndProjectSection
EndProject
Global
	GlobalSection(SolutionConfigurationPlatforms) = preSolution
		Debug|Any CPU = Debug|Any CPU
		Release|Any CPU = Release|Any CPU
	EndGlobalSection
	GlobalSection(ProjectConfigurationPlatforms) = postSolution
		{C41E2158-AF3D-4467-83E3-8008FF6CB8A5}.Debug|Any CPU.ActiveCfg = Debug|Any CPU
		{C41E2158-AF3D-4467-83E3-8008FF6CB8A5}.Debug|Any CPU.Build.0 = Debug|Any CPU
		{C41E2158-AF3D-4467-83E3-8008FF6CB8A5}.Release|Any CPU.ActiveCfg = Release|Any CPU
		{C41E2158-AF3D-4467-83E3-8008FF6CB8A5}.Release|Any CPU.Build.0 = Release|Any CPU
		{A9754225-A429-4183-A136-3B9C2EC6D689}.Debug|Any CPU.ActiveCfg = Debug|Any CPU
		{A9754225-A429-4183-A136-3B9C2EC6D689}.Debug|Any CPU.Build.0 = Debug|Any CPU
		{A9754225-A429-4183-A136-3B9C2EC6D689}.Release|Any CPU.ActiveCfg = Release|Any CPU
		{A9754225-A429-4183-A136-3B9C2EC6D689}.Release|Any CPU.Build.0 = Release|Any CPU
	EndGlobalSection
	GlobalSection(SolutionProperties) = preSolution
		HideSolutionNode = FALSE
	EndGlobalSection
	GlobalSection(ExtensibilityGlobals) = postSolution
		SolutionGuid = {E1FEEA4C-19D4-4F8F-97E5-2AFABC440533}
	EndGlobalSection
EndGlobal
